
Microsoft Visual Studio Solution File, Format Version 12.00
# Visual Studio Version 16
VisualStudioVersion = 16.0.30717.126
MinimumVisualStudioVersion = 10.0.40219.1
Project("{FAE04EC0-301F-11D3-BF4B-00C04F79EFBC}") = "BundleLoader", "BundleLoader\BundleLoader.csproj", "{A2654C85-5837-447A-BD76-8EBF5C31EAF8}"
EndProject
Global
	GlobalSection(SolutionConfigurationPlatforms) = preSolution
		Debug|Any CPU = Debug|Any CPU
		Release|Any CPU = Release|Any CPU
	EndGlobalSection
	GlobalSection(ProjectConfigurationPlatforms) = postSolution
		{A2654C85-5837-447A-BD76-8EBF5C31EAF8}.Debug|Any CPU.ActiveCfg = Debug|Any CPU
		{A2654C85-5837-447A-BD76-8EBF5C31EAF8}.Debug|Any CPU.Build.0 = Debug|Any CPU
		{A2654C85-5837-447A-BD76-8EBF5C31EAF8}.Release|Any CPU.ActiveCfg = Release|Any CPU
		{A2654C85-5837-447A-BD76-8EBF5C31EAF8}.Release|Any CPU.Build.0 = Release|Any CPU
	EndGlobalSection
	GlobalSection(SolutionProperties) = preSolution
		HideSolutionNode = FALSE
	EndGlobalSection
	GlobalSection(ExtensibilityGlobals) = postSolution
		SolutionGuid = {0D0B7363-BBA8-4976-9869-6C24F3BE0843}
	EndGlobalSection
EndGlobal
